// !$*UTF8*$!
{
	archiveVersion = 1;
	classes = {
	};
	objectVersion = 50;
	objects = {

/* Begin PBXBuildFile section */
		14B5907A20DCB79B00AB2683 /* AppDelegate.swift in Sources */ = {isa = PBXBuildFile; fileRef = 14B5907920DCB79B00AB2683 /* AppDelegate.swift */; };
		14B5907F20DCB79C00AB2683 /* Main.storyboard in Resources */ = {isa = PBXBuildFile; fileRef = 14B5907D20DCB79C00AB2683 /* Main.storyboard */; };
		14B5908120DCB79E00AB2683 /* Assets.xcassets in Resources */ = {isa = PBXBuildFile; fileRef = 14B5908020DCB79E00AB2683 /* Assets.xcassets */; };
		14B5908420DCB79E00AB2683 /* LaunchScreen.storyboard in Resources */ = {isa = PBXBuildFile; fileRef = 14B5908220DCB79E00AB2683 /* LaunchScreen.storyboard */; };
		14B5908C20DCBD3400AB2683 /* TodoListTableViewController.swift in Sources */ = {isa = PBXBuildFile; fileRef = 14B5908B20DCBD3400AB2683 /* TodoListTableViewController.swift */; };
		14B5909120DE173400AB2683 /* Todo.swift in Sources */ = {isa = PBXBuildFile; fileRef = 14B5909020DE173400AB2683 /* Todo.swift */; };
		14B5909320DE17E600AB2683 /* TodoCollection.swift in Sources */ = {isa = PBXBuildFile; fileRef = 14B5909220DE17E600AB2683 /* TodoCollection.swift */; };
		14B5909520DE1FF500AB2683 /* NewTodoViewController.swift in Sources */ = {isa = PBXBuildFile; fileRef = 14B5909420DE1FF500AB2683 /* NewTodoViewController.swift */; };
/* End PBXBuildFile section */

/* Begin PBXFileReference section */
		14B5907620DCB79B00AB2683 /* TodoApp.app */ = {isa = PBXFileReference; explicitFileType = wrapper.application; includeInIndex = 0; path = TodoApp.app; sourceTree = BUILT_PRODUCTS_DIR; };
		14B5907920DCB79B00AB2683 /* AppDelegate.swift */ = {isa = PBXFileReference; lastKnownFileType = sourcecode.swift; path = AppDelegate.swift; sourceTree = "<group>"; };
		14B5907E20DCB79C00AB2683 /* Base */ = {isa = PBXFileReference; lastKnownFileType = file.storyboard; name = Base; path = Base.lproj/Main.storyboard; sourceTree = "<group>"; };
		14B5908020DCB79E00AB2683 /* Assets.xcassets */ = {isa = PBXFileReference; lastKnownFileType = folder.assetcatalog; path = Assets.xcassets; sourceTree = "<group>"; };
		14B5908320DCB79E00AB2683 /* Base */ = {isa = PBXFileReference; lastKnownFileType = file.storyboard; name = Base; path = Base.lproj/LaunchScreen.storyboard; sourceTree = "<group>"; };
		14B5908520DCB79E00AB2683 /* Info.plist */ = {isa = PBXFileReference; lastKnownFileType = text.plist.xml; path = Info.plist; sourceTree = "<group>"; };
		14B5908B20DCBD3400AB2683 /* TodoListTableViewController.swift */ = {isa = PBXFileReference; lastKnownFileType = sourcecode.swift; path = TodoListTableViewController.swift; sourceTree = "<group>"; };
		14B5909020DE173400AB2683 /* Todo.swift */ = {isa = PBXFileReference; lastKnownFileType = sourcecode.swift; path = Todo.swift; sourceTree = "<group>"; };
		14B5909220DE17E600AB2683 /* TodoCollection.swift */ = {isa = PBXFileReference; lastKnownFileType = sourcecode.swift; path = TodoCollection.swift; sourceTree = "<group>"; };
		14B5909420DE1FF500AB2683 /* NewTodoViewController.swift */ = {isa = PBXFileReference; lastKnownFileType = sourcecode.swift; path = NewTodoViewController.swift; sourceTree = "<group>"; };
/* End PBXFileReference section */

/* Begin PBXFrameworksBuildPhase section */
		14B5907320DCB79B00AB2683 /* Frameworks */ = {
			isa = PBXFrameworksBuildPhase;
			buildActionMask = 2147483647;
			files = (
			);
			runOnlyForDeploymentPostprocessing = 0;
		};
/* End PBXFrameworksBuildPhase section */

/* Begin PBXGroup section */
		14B5906D20DCB79B00AB2683 = {
			isa = PBXGroup;
			children = (
				14B5907820DCB79B00AB2683 /* TodoApp */,
				14B5907720DCB79B00AB2683 /* Products */,
			);
			sourceTree = "<group>";
		};
		14B5907720DCB79B00AB2683 /* Products */ = {
			isa = PBXGroup;
			children = (
				14B5907620DCB79B00AB2683 /* TodoApp.app */,
			);
			name = Products;
			sourceTree = "<group>";
		};
		14B5907820DCB79B00AB2683 /* TodoApp */ = {
			isa = PBXGroup;
			children = (
				14B5907920DCB79B00AB2683 /* AppDelegate.swift */,
				14B5907D20DCB79C00AB2683 /* Main.storyboard */,
				14B5908F20DE16C500AB2683 /* Controller */,
				14B5908E20DE16BF00AB2683 /* View */,
				14B5908D20DE16BA00AB2683 /* Model */,
				14B5908020DCB79E00AB2683 /* Assets.xcassets */,
				14B5908220DCB79E00AB2683 /* LaunchScreen.storyboard */,
				14B5908520DCB79E00AB2683 /* Info.plist */,
			);
			path = TodoApp;
			sourceTree = "<group>";
		};
		14B5908D20DE16BA00AB2683 /* Model */ = {
			isa = PBXGroup;
			children = (
				14B5909020DE173400AB2683 /* Todo.swift */,
				14B5909220DE17E600AB2683 /* TodoCollection.swift */,
			);
			path = Model;
			sourceTree = "<group>";
		};
		14B5908E20DE16BF00AB2683 /* View */ = {
			isa = PBXGroup;
			children = (
			);
			path = View;
			sourceTree = "<group>";
		};
		14B5908F20DE16C500AB2683 /* Controller */ = {
			isa = PBXGroup;
			children = (
				14B5908B20DCBD3400AB2683 /* TodoListTableViewController.swift */,
				14B5909420DE1FF500AB2683 /* NewTodoViewController.swift */,
			);
			path = Controller;
			sourceTree = "<group>";
		};
/* End PBXGroup section */

/* Begin PBXNativeTarget section */
		14B5907520DCB79B00AB2683 /* TodoApp */ = {
			isa = PBXNativeTarget;
			buildConfigurationList = 14B5908820DCB79E00AB2683 /* Build configuration list for PBXNativeTarget "TodoApp" */;
			buildPhases = (
				14B5907220DCB79B00AB2683 /* Sources */,
				14B5907320DCB79B00AB2683 /* Frameworks */,
				14B5907420DCB79B00AB2683 /* Resources */,
			);
			buildRules = (
			);
			dependencies = (
			);
			name = TodoApp;
			productName = TodoApp;
			productReference = 14B5907620DCB79B00AB2683 /* TodoApp.app */;
			productType = "com.apple.product-type.application";
		};
/* End PBXNativeTarget section */

/* Begin PBXProject section */
		14B5906E20DCB79B00AB2683 /* Project object */ = {
			isa = PBXProject;
			attributes = {
				LastSwiftUpdateCheck = 0930;
				LastUpgradeCheck = 0930;
				ORGANIZATIONNAME = "Takeshi Akutsu";
				TargetAttributes = {
					14B5907520DCB79B00AB2683 = {
						CreatedOnToolsVersion = 9.3.1;
					};
				};
			};
			buildConfigurationList = 14B5907120DCB79B00AB2683 /* Build configuration list for PBXProject "TodoApp" */;
			compatibilityVersion = "Xcode 9.3";
			developmentRegion = en;
			hasScannedForEncodings = 0;
			knownRegions = (
				en,
				Base,
			);
			mainGroup = 14B5906D20DCB79B00AB2683;
			productRefGroup = 14B5907720DCB79B00AB2683 /* Products */;
			projectDirPath = "";
			projectRoot = "";
			targets = (
				14B5907520DCB79B00AB2683 /* TodoApp */,
			);
		};
/* End PBXProject section */

/* Begin PBXResourcesBuildPhase section */
		14B5907420DCB79B00AB2683 /* Resources */ = {
			isa = PBXResourcesBuildPhase;
			buildActionMask = 2147483647;
			files = (
				14B5908420DCB79E00AB2683 /* LaunchScreen.storyboard in Resources */,
				14B5908120DCB79E00AB2683 /* Assets.xcassets in Resources */,
				14B5907F20DCB79C00AB2683 /* Main.storyboard in Resources */,
			);
			runOnlyForDeploymentPostprocessing = 0;
		};
/* End PBXResourcesBuildPhase section */

/* Begin PBXSourcesBuildPhase section */
		14B5907220DCB79B00AB2683 /* Sources */ = {
			isa = PBXSourcesBuildPhase;
			buildActionMask = 2147483647;
			files = (
				14B5907A20DCB79B00AB2683 /* AppDelegate.swift in Sources */,
				14B5909320DE17E600AB2683 /* TodoCollection.swift in Sources */,
				14B5909120DE173400AB2683 /* Todo.swift in Sources */,
				14B5909520DE1FF500AB2683 /* NewTodoViewController.swift in Sources */,
				14B5908C20DCBD3400AB2683 /* TodoListTableViewController.swift in Sources */,
			);
			runOnlyForDeploymentPostprocessing = 0;
		};
/* End PBXSourcesBuildPhase section */

/* Begin PBXVariantGroup section */
		14B5907D20DCB79C00AB2683 /* Main.storyboard */ = {
			isa = PBXVariantGroup;
			children = (
				14B5907E20DCB79C00AB2683 /* Base */,
			);
			name = Main.storyboard;
			sourceTree = "<group>";
		};
		14B5908220DCB79E00AB2683 /* LaunchScreen.storyboard */ = {
			isa = PBXVariantGroup;
			children = (
				14B5908320DCB79E00AB2683 /* Base */,
			);
			name = LaunchScreen.storyboard;
			sourceTree = "<group>";
		};
/* End PBXVariantGroup section */

/* Begin XCBuildConfiguration section */
		14B5908620DCB79E00AB2683 /* Debug */ = {
			isa = XCBuildConfiguration;
			buildSettings = {
				ALWAYS_SEARCH_USER_PATHS = NO;
				CLANG_ANALYZER_NONNULL = YES;
				CLANG_ANALYZER_NUMBER_OBJECT_CONVERSION = YES_AGGRESSIVE;
				CLANG_CXX_LANGUAGE_STANDARD = "gnu++14";
				CLANG_CXX_LIBRARY = "libc++";
				CLANG_ENABLE_MODULES = YES;
				CLANG_ENABLE_OBJC_ARC = YES;
				CLANG_ENABLE_OBJC_WEAK = YES;
				CLANG_WARN_BLOCK_CAPTURE_AUTORELEASING = YES;
				CLANG_WARN_BOOL_CONVERSION = YES;
				CLANG_WARN_COMMA = YES;
				CLANG_WARN_CONSTANT_CONVERSION = YES;
				CLANG_WARN_DEPRECATED_OBJC_IMPLEMENTATIONS = YES;
				CLANG_WARN_DIRECT_OBJC_ISA_USAGE = YES_ERROR;
				CLANG_WARN_DOCUMENTATION_COMMENTS = YES;
				CLANG_WARN_EMPTY_BODY = YES;
				CLANG_WARN_ENUM_CONVERSION = YES;
				CLANG_WARN_INFINITE_RECURSION = YES;
				CLANG_WARN_INT_CONVERSION = YES;
				CLANG_WARN_NON_LITERAL_NULL_CONVERSION = YES;
				CLANG_WARN_OBJC_IMPLICIT_RETAIN_SELF = YES;
				CLANG_WARN_OBJC_LITERAL_CONVERSION = YES;
				CLANG_WARN_OBJC_ROOT_CLASS = YES_ERROR;
				CLANG_WARN_RANGE_LOOP_ANALYSIS = YES;
				CLANG_WARN_STRICT_PROTOTYPES = YES;
				CLANG_WARN_SUSPICIOUS_MOVE = YES;
				CLANG_WARN_UNGUARDED_AVAILABILITY = YES_AGGRESSIVE;
				CLANG_WARN_UNREACHABLE_CODE = YES;
				CLANG_WARN__DUPLICATE_METHOD_MATCH = YES;
				CODE_SIGN_IDENTITY = "iPhone Developer";
				COPY_PHASE_STRIP = NO;
				DEBUG_INFORMATION_FORMAT = dwarf;
				ENABLE_STRICT_OBJC_MSGSEND = YES;
				ENABLE_TESTABILITY = YES;
				GCC_C_LANGUAGE_STANDARD = gnu11;
				GCC_DYNAMIC_NO_PIC = NO;
				GCC_NO_COMMON_BLOCKS = YES;
				GCC_OPTIMIZATION_LEVEL = 0;
				GCC_PREPROCESSOR_DEFINITIONS = (
					"DEBUG=1",
					"$(inherited)",
				);
				GCC_WARN_64_TO_32_BIT_CONVERSION = YES;
				GCC_WARN_ABOUT_RETURN_TYPE = YES_ERROR;
				GCC_WARN_UNDECLARED_SELECTOR = YES;
				GCC_WARN_UNINITIALIZED_AUTOS = YES_AGGRESSIVE;
				GCC_WARN_UNUSED_FUNCTION = YES;
				GCC_WARN_UNUSED_VARIABLE = YES;
				IPHONEOS_DEPLOYMENT_TARGET = 11.3;
				MTL_ENABLE_DEBUG_INFO = YES;
				ONLY_ACTIVE_ARCH = YES;
				SDKROOT = iphoneos;
				SWIFT_ACTIVE_COMPILATION_CONDITIONS = DEBUG;
				SWIFT_OPTIMIZATION_LEVEL = "-Onone";
			};
			name = Debug;
		};
		14B5908720DCB79E00AB2683 /* Release */ = {
			isa = XCBuildConfiguration;
			buildSettings = {
				ALWAYS_SEARCH_USER_PATHS = NO;
				CLANG_ANALYZER_NONNULL = YES;
				CLANG_ANALYZER_NUMBER_OBJECT_CONVERSION = YES_AGGRESSIVE;
				CLANG_CXX_LANGUAGE_STANDARD = "gnu++14";
				CLANG_CXX_LIBRARY = "libc++";
				CLANG_ENABLE_MODULES = YES;
				CLANG_ENABLE_OBJC_ARC = YES;
				CLANG_ENABLE_OBJC_WEAK = YES;
				CLANG_WARN_BLOCK_CAPTURE_AUTORELEASING = YES;
				CLANG_WARN_BOOL_CONVERSION = YES;
				CLANG_WARN_COMMA = YES;
				CLANG_WARN_CONSTANT_CONVERSION = YES;
				CLANG_WARN_DEPRECATED_OBJC_IMPLEMENTATIONS = YES;
				CLANG_WARN_DIRECT_OBJC_ISA_USAGE = YES_ERROR;
				CLANG_WARN_DOCUMENTATION_COMMENTS = YES;
				CLANG_WARN_EMPTY_BODY = YES;
				CLANG_WARN_ENUM_CONVERSION = YES;
				CLANG_WARN_INFINITE_RECURSION = YES;
				CLANG_WARN_INT_CONVERSION = YES;
				CLANG_WARN_NON_LITERAL_NULL_CONVERSION = YES;
				CLANG_WARN_OBJC_IMPLICIT_RETAIN_SELF = YES;
				CLANG_WARN_OBJC_LITERAL_CONVERSION = YES;
				CLANG_WARN_OBJC_ROOT_CLASS = YES_ERROR;
				CLANG_WARN_RANGE_LOOP_ANALYSIS = YES;
				CLANG_WARN_STRICT_PROTOTYPES = YES;
				CLANG_WARN_SUSPICIOUS_MOVE = YES;
				CLANG_WARN_UNGUARDED_AVAILABILITY = YES_AGGRESSIVE;
				CLANG_WARN_UNREACHABLE_CODE = YES;
				CLANG_WARN__DUPLICATE_METHOD_MATCH = YES;
				CODE_SIGN_IDENTITY = "iPhone Developer";
				COPY_PHASE_STRIP = NO;
				DEBUG_INFORMATION_FORMAT = "dwarf-with-dsym";
				ENABLE_NS_ASSERTIONS = NO;
				ENABLE_STRICT_OBJC_MSGSEND = YES;
				GCC_C_LANGUAGE_STANDARD = gnu11;
				GCC_NO_COMMON_BLOCKS = YES;
				GCC_WARN_64_TO_32_BIT_CONVERSION = YES;
				GCC_WARN_ABOUT_RETURN_TYPE = YES_ERROR;
				GCC_WARN_UNDECLARED_SELECTOR = YES;
				GCC_WARN_UNINITIALIZED_AUTOS = YES_AGGRESSIVE;
				GCC_WARN_UNUSED_FUNCTION = YES;
				GCC_WARN_UNUSED_VARIABLE = YES;
				IPHONEOS_DEPLOYMENT_TARGET = 11.3;
				MTL_ENABLE_DEBUG_INFO = NO;
				SDKROOT = iphoneos;
				SWIFT_COMPILATION_MODE = wholemodule;
				SWIFT_OPTIMIZATION_LEVEL = "-O";
				VALIDATE_PRODUCT = YES;
			};
			name = Release;
		};
		14B5908920DCB79E00AB2683 /* Debug */ = {
			isa = XCBuildConfiguration;
			buildSettings = {
				ASSETCATALOG_COMPILER_APPICON_NAME = AppIcon;
				CODE_SIGN_STYLE = Automatic;
				DEVELOPMENT_TEAM = 99HCWL2J2K;
				INFOPLIST_FILE = TodoApp/Info.plist;
				LD_RUNPATH_SEARCH_PATHS = (
					"$(inherited)",
					"@executable_path/Frameworks",
				);
				PRODUCT_BUNDLE_IDENTIFIER = "takeshi-akutsu.TodoApp";
				PRODUCT_NAME = "$(TARGET_NAME)";
				SWIFT_VERSION = 4.0;
				TARGETED_DEVICE_FAMILY = "1,2";
			};
			name = Debug;
		};
		14B5908A20DCB79E00AB2683 /* Release */ = {
			isa = XCBuildConfiguration;
			buildSettings = {
				ASSETCATALOG_COMPILER_APPICON_NAME = AppIcon;
				CODE_SIGN_STYLE = Automatic;
				DEVELOPMENT_TEAM = 99HCWL2J2K;
				INFOPLIST_FILE = TodoApp/Info.plist;
				LD_RUNPATH_SEARCH_PATHS = (
					"$(inherited)",
					"@executable_path/Frameworks",
				);
				PRODUCT_BUNDLE_IDENTIFIER = "takeshi-akutsu.TodoApp";
				PRODUCT_NAME = "$(TARGET_NAME)";
				SWIFT_VERSION = 4.0;
				TARGETED_DEVICE_FAMILY = "1,2";
			};
			name = Release;
		};
/* End XCBuildConfiguration section */

/* Begin XCConfigurationList section */
		14B5907120DCB79B00AB2683 /* Build configuration list for PBXProject "TodoApp" */ = {
			isa = XCConfigurationList;
			buildConfigurations = (
				14B5908620DCB79E00AB2683 /* Debug */,
				14B5908720DCB79E00AB2683 /* Release */,
			);
			defaultConfigurationIsVisible = 0;
			defaultConfigurationName = Release;
		};
		14B5908820DCB79E00AB2683 /* Build configuration list for PBXNativeTarget "TodoApp" */ = {
			isa = XCConfigurationList;
			buildConfigurations = (
				14B5908920DCB79E00AB2683 /* Debug */,
				14B5908A20DCB79E00AB2683 /* Release */,
			);
			defaultConfigurationIsVisible = 0;
			defaultConfigurationName = Release;
		};
/* End XCConfigurationList section */
	};
	rootObject = 14B5906E20DCB79B00AB2683 /* Project object */;
}
